
Microsoft Visual Studio Solution File, Format Version 12.00
# Visual Studio Version 17
VisualStudioVersion = 17.3.32825.248
MinimumVisualStudioVersion = 10.0.40219.1
Project("{FAE04EC0-301F-11D3-BF4B-00C04F79EFBC}") = "Zadania 6.1.2", "Zadania 6.1.2\Zadania 6.1.2.csproj", "{AA55CA21-D983-4814-9F71-DB802B245099}"
EndProject
Global
	GlobalSection(SolutionConfigurationPlatforms) = preSolution
		Debug|Any CPU = Debug|Any CPU
		Release|Any CPU = Release|Any CPU
	EndGlobalSection
	GlobalSection(ProjectConfigurationPlatforms) = postSolution
		{AA55CA21-D983-4814-9F71-DB802B245099}.Debug|Any CPU.ActiveCfg = Debug|Any CPU
		{AA55CA21-D983-4814-9F71-DB802B245099}.Debug|Any CPU.Build.0 = Debug|Any CPU
		{AA55CA21-D983-4814-9F71-DB802B245099}.Release|Any CPU.ActiveCfg = Release|Any CPU
		{AA55CA21-D983-4814-9F71-DB802B245099}.Release|Any CPU.Build.0 = Release|Any CPU
	EndGlobalSection
	GlobalSection(SolutionProperties) = preSolution
		HideSolutionNode = FALSE
	EndGlobalSection
	GlobalSection(ExtensibilityGlobals) = postSolution
		SolutionGuid = {7B1A1B36-D6D5-40FE-B2CE-2EE86321ED10}
	EndGlobalSection
EndGlobal
